// !$*UTF8*$!
{
	archiveVersion = 1;
	classes = {
	};
	objectVersion = 46;
	objects = {

/* Begin PBXBuildFile section */
		AB32C76719D41AB0004F1752 /* AppDelegate.m in Sources */ = {isa = PBXBuildFile; fileRef = AB32C76619D41AB0004F1752 /* AppDelegate.m */; };
		AB32C76A19D41AF2004F1752 /* MCMainViewController.m in Sources */ = {isa = PBXBuildFile; fileRef = AB32C76919D41AF2004F1752 /* MCMainViewController.m */; };
		AB32C76C19D41B19004F1752 /* main.m in Sources */ = {isa = PBXBuildFile; fileRef = AB32C76B19D41B19004F1752 /* main.m */; };
		AB32C76E19D41B4F004F1752 /* Images.xcassets in Resources */ = {isa = PBXBuildFile; fileRef = AB32C76D19D41B4F004F1752 /* Images.xcassets */; };
		AB32C77419D41C1C004F1752 /* LaunchScreen.xib in Resources */ = {isa = PBXBuildFile; fileRef = AB32C77019D41C1C004F1752 /* LaunchScreen.xib */; };
		AB32C77519D41C1C004F1752 /* Main.storyboard in Resources */ = {isa = PBXBuildFile; fileRef = AB32C77219D41C1C004F1752 /* Main.storyboard */; };
		AB3EE59219D336BB00D279D1 /* MCNetworkManager.m in Sources */ = {isa = PBXBuildFile; fileRef = AB3EE59119D336BB00D279D1 /* MCNetworkManager.m */; };
		AB3EE59619D34C5900D279D1 /* MCImageFilter.m in Sources */ = {isa = PBXBuildFile; fileRef = AB3EE59519D34C5900D279D1 /* MCImageFilter.m */; };
		AB3EE5B419D35F2D00D279D1 /* 1.png in Resources */ = {isa = PBXBuildFile; fileRef = AB3EE5AF19D35F2D00D279D1 /* 1.png */; };
		AB3EE5B519D35F2D00D279D1 /* 2.png in Resources */ = {isa = PBXBuildFile; fileRef = AB3EE5B019D35F2D00D279D1 /* 2.png */; };
		AB3EE5B619D35F2D00D279D1 /* 3.png in Resources */ = {isa = PBXBuildFile; fileRef = AB3EE5B119D35F2D00D279D1 /* 3.png */; };
		AB3EE5B719D35F2D00D279D1 /* 4.png in Resources */ = {isa = PBXBuildFile; fileRef = AB3EE5B219D35F2D00D279D1 /* 4.png */; };
		AB3EE5BA19D3623700D279D1 /* 0.png in Resources */ = {isa = PBXBuildFile; fileRef = AB3EE5B919D3623700D279D1 /* 0.png */; };
		AB3EE5BD19D3638700D279D1 /* MCFilterPickerControllerViewController.m in Sources */ = {isa = PBXBuildFile; fileRef = AB3EE5BC19D3638700D279D1 /* MCFilterPickerControllerViewController.m */; };
		AB3EE5C119D363A200D279D1 /* MCFilterCollectionViewCell.m in Sources */ = {isa = PBXBuildFile; fileRef = AB3EE5C019D363A200D279D1 /* MCFilterCollectionViewCell.m */; };
		ABB671F919D31F5200333939 /* UIView+Extensions.m in Sources */ = {isa = PBXBuildFile; fileRef = ABB671F819D31F5200333939 /* UIView+Extensions.m */; };
		ABDCF00A19D2F4C800F3EA5D /* ElmstagramTests.m in Sources */ = {isa = PBXBuildFile; fileRef = ABDCF00919D2F4C800F3EA5D /* ElmstagramTests.m */; };
/* End PBXBuildFile section */

/* Begin PBXContainerItemProxy section */
		ABDCF00419D2F4C800F3EA5D /* PBXContainerItemProxy */ = {
			isa = PBXContainerItemProxy;
			containerPortal = ABDCEFE219D2F4C800F3EA5D /* Project object */;
			proxyType = 1;
			remoteGlobalIDString = ABDCEFE919D2F4C800F3EA5D;
			remoteInfo = Elmstagram;
		};
/* End PBXContainerItemProxy section */

/* Begin PBXFileReference section */
		AB32C76519D41AB0004F1752 /* AppDelegate.h */ = {isa = PBXFileReference; fileEncoding = 4; lastKnownFileType = sourcecode.c.h; path = AppDelegate.h; sourceTree = "<group>"; };
		AB32C76619D41AB0004F1752 /* AppDelegate.m */ = {isa = PBXFileReference; fileEncoding = 4; lastKnownFileType = sourcecode.c.objc; path = AppDelegate.m; sourceTree = "<group>"; };
		AB32C76819D41AF2004F1752 /* MCMainViewController.h */ = {isa = PBXFileReference; fileEncoding = 4; lastKnownFileType = sourcecode.c.h; path = MCMainViewController.h; sourceTree = "<group>"; };
		AB32C76919D41AF2004F1752 /* MCMainViewController.m */ = {isa = PBXFileReference; fileEncoding = 4; lastKnownFileType = sourcecode.c.objc; path = MCMainViewController.m; sourceTree = "<group>"; };
		AB32C76B19D41B19004F1752 /* main.m */ = {isa = PBXFileReference; fileEncoding = 4; lastKnownFileType = sourcecode.c.objc; path = main.m; sourceTree = "<group>"; };
		AB32C76D19D41B4F004F1752 /* Images.xcassets */ = {isa = PBXFileReference; lastKnownFileType = folder.assetcatalog; path = Images.xcassets; sourceTree = "<group>"; };
		AB32C77119D41C1C004F1752 /* Base */ = {isa = PBXFileReference; lastKnownFileType = file.xib; name = Base; path = Base.lproj/LaunchScreen.xib; sourceTree = "<group>"; };
		AB32C77319D41C1C004F1752 /* Base */ = {isa = PBXFileReference; lastKnownFileType = file.storyboard; name = Base; path = Base.lproj/Main.storyboard; sourceTree = "<group>"; };
		AB3EE59019D336BB00D279D1 /* MCNetworkManager.h */ = {isa = PBXFileReference; fileEncoding = 4; lastKnownFileType = sourcecode.c.h; path = MCNetworkManager.h; sourceTree = "<group>"; };
		AB3EE59119D336BB00D279D1 /* MCNetworkManager.m */ = {isa = PBXFileReference; fileEncoding = 4; lastKnownFileType = sourcecode.c.objc; path = MCNetworkManager.m; sourceTree = "<group>"; };
		AB3EE59419D34C5900D279D1 /* MCImageFilter.h */ = {isa = PBXFileReference; fileEncoding = 4; lastKnownFileType = sourcecode.c.h; path = MCImageFilter.h; sourceTree = "<group>"; };
		AB3EE59519D34C5900D279D1 /* MCImageFilter.m */ = {isa = PBXFileReference; fileEncoding = 4; lastKnownFileType = sourcecode.c.objc; path = MCImageFilter.m; sourceTree = "<group>"; };
		AB3EE5AF19D35F2D00D279D1 /* 1.png */ = {isa = PBXFileReference; lastKnownFileType = image.png; path = 1.png; sourceTree = "<group>"; };
		AB3EE5B019D35F2D00D279D1 /* 2.png */ = {isa = PBXFileReference; lastKnownFileType = image.png; path = 2.png; sourceTree = "<group>"; };
		AB3EE5B119D35F2D00D279D1 /* 3.png */ = {isa = PBXFileReference; lastKnownFileType = image.png; path = 3.png; sourceTree = "<group>"; };
		AB3EE5B219D35F2D00D279D1 /* 4.png */ = {isa = PBXFileReference; lastKnownFileType = image.png; path = 4.png; sourceTree = "<group>"; };
		AB3EE5B919D3623700D279D1 /* 0.png */ = {isa = PBXFileReference; lastKnownFileType = image.png; path = 0.png; sourceTree = "<group>"; };
		AB3EE5BB19D3638700D279D1 /* MCFilterPickerControllerViewController.h */ = {isa = PBXFileReference; fileEncoding = 4; lastKnownFileType = sourcecode.c.h; path = MCFilterPickerControllerViewController.h; sourceTree = "<group>"; };
		AB3EE5BC19D3638700D279D1 /* MCFilterPickerControllerViewController.m */ = {isa = PBXFileReference; fileEncoding = 4; lastKnownFileType = sourcecode.c.objc; path = MCFilterPickerControllerViewController.m; sourceTree = "<group>"; };
		AB3EE5BF19D363A200D279D1 /* MCFilterCollectionViewCell.h */ = {isa = PBXFileReference; fileEncoding = 4; lastKnownFileType = sourcecode.c.h; path = MCFilterCollectionViewCell.h; sourceTree = "<group>"; };
		AB3EE5C019D363A200D279D1 /* MCFilterCollectionViewCell.m */ = {isa = PBXFileReference; fileEncoding = 4; lastKnownFileType = sourcecode.c.objc; path = MCFilterCollectionViewCell.m; sourceTree = "<group>"; };
		ABB671F719D31F5200333939 /* UIView+Extensions.h */ = {isa = PBXFileReference; fileEncoding = 4; lastKnownFileType = sourcecode.c.h; path = "UIView+Extensions.h"; sourceTree = "<group>"; };
		ABB671F819D31F5200333939 /* UIView+Extensions.m */ = {isa = PBXFileReference; fileEncoding = 4; lastKnownFileType = sourcecode.c.objc; path = "UIView+Extensions.m"; sourceTree = "<group>"; };
		ABDCEFEA19D2F4C800F3EA5D /* Elmstagram.app */ = {isa = PBXFileReference; explicitFileType = wrapper.application; includeInIndex = 0; path = Elmstagram.app; sourceTree = BUILT_PRODUCTS_DIR; };
		ABDCEFEE19D2F4C800F3EA5D /* Info.plist */ = {isa = PBXFileReference; lastKnownFileType = text.plist.xml; name = Info.plist; path = Elmstagram/Info.plist; sourceTree = "<group>"; };
		ABDCF00319D2F4C800F3EA5D /* ElmstagramTests.xctest */ = {isa = PBXFileReference; explicitFileType = wrapper.cfbundle; includeInIndex = 0; path = ElmstagramTests.xctest; sourceTree = BUILT_PRODUCTS_DIR; };
		ABDCF00819D2F4C800F3EA5D /* Info.plist */ = {isa = PBXFileReference; lastKnownFileType = text.plist.xml; path = Info.plist; sourceTree = "<group>"; };
		ABDCF00919D2F4C800F3EA5D /* ElmstagramTests.m */ = {isa = PBXFileReference; lastKnownFileType = sourcecode.c.objc; path = ElmstagramTests.m; sourceTree = "<group>"; };
/* End PBXFileReference section */

/* Begin PBXFrameworksBuildPhase section */
		ABDCEFE719D2F4C800F3EA5D /* Frameworks */ = {
			isa = PBXFrameworksBuildPhase;
			buildActionMask = 2147483647;
			files = (
			);
			runOnlyForDeploymentPostprocessing = 0;
		};
		ABDCF00019D2F4C800F3EA5D /* Frameworks */ = {
			isa = PBXFrameworksBuildPhase;
			buildActionMask = 2147483647;
			files = (
			);
			runOnlyForDeploymentPostprocessing = 0;
		};
/* End PBXFrameworksBuildPhase section */

/* Begin PBXGroup section */
		AB32C76F19D41C1C004F1752 /* Storyboards */ = {
			isa = PBXGroup;
			children = (
				AB32C77019D41C1C004F1752 /* LaunchScreen.xib */,
				AB32C77219D41C1C004F1752 /* Main.storyboard */,
			);
			path = Storyboards;
			sourceTree = "<group>";
		};
		AB3EE58F19D3368900D279D1 /* Networking */ = {
			isa = PBXGroup;
			children = (
				AB3EE59019D336BB00D279D1 /* MCNetworkManager.h */,
				AB3EE59119D336BB00D279D1 /* MCNetworkManager.m */,
			);
			path = Networking;
			sourceTree = "<group>";
		};
		AB3EE59319D34C2B00D279D1 /* Filter */ = {
			isa = PBXGroup;
			children = (
				AB3EE59419D34C5900D279D1 /* MCImageFilter.h */,
				AB3EE59519D34C5900D279D1 /* MCImageFilter.m */,
			);
			path = Filter;
			sourceTree = "<group>";
		};
		AB3EE5A719D359DD00D279D1 /* FilterPicker */ = {
			isa = PBXGroup;
			children = (
				AB3EE5BE19D363A200D279D1 /* Cells */,
				AB3EE5BB19D3638700D279D1 /* MCFilterPickerControllerViewController.h */,
				AB3EE5BC19D3638700D279D1 /* MCFilterPickerControllerViewController.m */,
			);
			path = FilterPicker;
			sourceTree = "<group>";
		};
		AB3EE5AE19D35F2D00D279D1 /* FilterPreviews */ = {
			isa = PBXGroup;
			children = (
				AB3EE5B919D3623700D279D1 /* 0.png */,
				AB3EE5AF19D35F2D00D279D1 /* 1.png */,
				AB3EE5B019D35F2D00D279D1 /* 2.png */,
				AB3EE5B119D35F2D00D279D1 /* 3.png */,
				AB3EE5B219D35F2D00D279D1 /* 4.png */,
			);
			path = FilterPreviews;
			sourceTree = "<group>";
		};
		AB3EE5BE19D363A200D279D1 /* Cells */ = {
			isa = PBXGroup;
			children = (
				AB3EE5BF19D363A200D279D1 /* MCFilterCollectionViewCell.h */,
				AB3EE5C019D363A200D279D1 /* MCFilterCollectionViewCell.m */,
			);
			path = Cells;
			sourceTree = "<group>";
		};
		AB9BF51219D2F96400BFA9D1 /* Classes */ = {
			isa = PBXGroup;
			children = (
				AB9BF51319D2F96400BFA9D1 /* Core */,
				AB9BF51419D2F96400BFA9D1 /* Views */,
			);
			name = Classes;
			path = Source/Classes;
			sourceTree = "<group>";
		};
		AB9BF51319D2F96400BFA9D1 /* Core */ = {
			isa = PBXGroup;
			children = (
				AB9BF51619D2F98900BFA9D1 /* AppDelegate */,
				AB3EE59319D34C2B00D279D1 /* Filter */,
				AB9BF51719D2F98900BFA9D1 /* Main */,
				AB3EE58F19D3368900D279D1 /* Networking */,
			);
			path = Core;
			sourceTree = "<group>";
		};
		AB9BF51419D2F96400BFA9D1 /* Views */ = {
			isa = PBXGroup;
			children = (
				AB3EE5A719D359DD00D279D1 /* FilterPicker */,
				AB9BF51919D2FA1600BFA9D1 /* MainView */,
			);
			path = Views;
			sourceTree = "<group>";
		};
		AB9BF51619D2F98900BFA9D1 /* AppDelegate */ = {
			isa = PBXGroup;
			children = (
				AB32C76519D41AB0004F1752 /* AppDelegate.h */,
				AB32C76619D41AB0004F1752 /* AppDelegate.m */,
			);
			path = AppDelegate;
			sourceTree = "<group>";
		};
		AB9BF51719D2F98900BFA9D1 /* Main */ = {
			isa = PBXGroup;
			children = (
				AB32C76B19D41B19004F1752 /* main.m */,
			);
			path = Main;
			sourceTree = "<group>";
		};
		AB9BF51819D2F9C700BFA9D1 /* Assets */ = {
			isa = PBXGroup;
			children = (
				AB32C76D19D41B4F004F1752 /* Images.xcassets */,
				AB3EE5AE19D35F2D00D279D1 /* FilterPreviews */,
			);
			name = Assets;
			path = Source/Assets;
			sourceTree = "<group>";
		};
		AB9BF51919D2FA1600BFA9D1 /* MainView */ = {
			isa = PBXGroup;
			children = (
				AB32C76F19D41C1C004F1752 /* Storyboards */,
				AB32C76819D41AF2004F1752 /* MCMainViewController.h */,
				AB32C76919D41AF2004F1752 /* MCMainViewController.m */,
			);
			path = MainView;
			sourceTree = "<group>";
		};
		ABB671F619D31F5200333939 /* Categories */ = {
			isa = PBXGroup;
			children = (
				ABB671F719D31F5200333939 /* UIView+Extensions.h */,
				ABB671F819D31F5200333939 /* UIView+Extensions.m */,
			);
			name = Categories;
			path = Source/Categories;
			sourceTree = "<group>";
		};
		ABDCEFE119D2F4C800F3EA5D = {
			isa = PBXGroup;
			children = (
				ABDCEFEC19D2F4C800F3EA5D /* Elmstagram */,
				ABDCEFEE19D2F4C800F3EA5D /* Info.plist */,
				ABDCF00619D2F4C800F3EA5D /* ElmstagramTests */,
				ABDCEFEB19D2F4C800F3EA5D /* Products */,
			);
			sourceTree = "<group>";
		};
		ABDCEFEB19D2F4C800F3EA5D /* Products */ = {
			isa = PBXGroup;
			children = (
				ABDCEFEA19D2F4C800F3EA5D /* Elmstagram.app */,
				ABDCF00319D2F4C800F3EA5D /* ElmstagramTests.xctest */,
			);
			name = Products;
			sourceTree = "<group>";
		};
		ABDCEFEC19D2F4C800F3EA5D /* Elmstagram */ = {
			isa = PBXGroup;
			children = (
				AB9BF51819D2F9C700BFA9D1 /* Assets */,
				ABB671F619D31F5200333939 /* Categories */,
				AB9BF51219D2F96400BFA9D1 /* Classes */,
			);
			path = Elmstagram;
			sourceTree = "<group>";
		};
		ABDCF00619D2F4C800F3EA5D /* ElmstagramTests */ = {
			isa = PBXGroup;
			children = (
				ABDCF00919D2F4C800F3EA5D /* ElmstagramTests.m */,
				ABDCF00719D2F4C800F3EA5D /* Supporting Files */,
			);
			path = ElmstagramTests;
			sourceTree = "<group>";
		};
		ABDCF00719D2F4C800F3EA5D /* Supporting Files */ = {
			isa = PBXGroup;
			children = (
				ABDCF00819D2F4C800F3EA5D /* Info.plist */,
			);
			name = "Supporting Files";
			sourceTree = "<group>";
		};
/* End PBXGroup section */

/* Begin PBXNativeTarget section */
		ABDCEFE919D2F4C800F3EA5D /* Elmstagram */ = {
			isa = PBXNativeTarget;
			buildConfigurationList = ABDCF00D19D2F4C800F3EA5D /* Build configuration list for PBXNativeTarget "Elmstagram" */;
			buildPhases = (
				ABDCEFE619D2F4C800F3EA5D /* Sources */,
				ABDCEFE719D2F4C800F3EA5D /* Frameworks */,
				ABDCEFE819D2F4C800F3EA5D /* Resources */,
			);
			buildRules = (
			);
			dependencies = (
			);
			name = Elmstagram;
			productName = Elmstagram;
			productReference = ABDCEFEA19D2F4C800F3EA5D /* Elmstagram.app */;
			productType = "com.apple.product-type.application";
		};
		ABDCF00219D2F4C800F3EA5D /* ElmstagramTests */ = {
			isa = PBXNativeTarget;
			buildConfigurationList = ABDCF01019D2F4C800F3EA5D /* Build configuration list for PBXNativeTarget "ElmstagramTests" */;
			buildPhases = (
				ABDCEFFF19D2F4C800F3EA5D /* Sources */,
				ABDCF00019D2F4C800F3EA5D /* Frameworks */,
				ABDCF00119D2F4C800F3EA5D /* Resources */,
			);
			buildRules = (
			);
			dependencies = (
				ABDCF00519D2F4C800F3EA5D /* PBXTargetDependency */,
			);
			name = ElmstagramTests;
			productName = ElmstagramTests;
			productReference = ABDCF00319D2F4C800F3EA5D /* ElmstagramTests.xctest */;
			productType = "com.apple.product-type.bundle.unit-test";
		};
/* End PBXNativeTarget section */

/* Begin PBXProject section */
		ABDCEFE219D2F4C800F3EA5D /* Project object */ = {
			isa = PBXProject;
			attributes = {
				LastUpgradeCheck = 0600;
				ORGANIZATIONNAME = "Elmar Tampe";
				TargetAttributes = {
					ABDCEFE919D2F4C800F3EA5D = {
						CreatedOnToolsVersion = 6.1;
					};
					ABDCF00219D2F4C800F3EA5D = {
						CreatedOnToolsVersion = 6.1;
						TestTargetID = ABDCEFE919D2F4C800F3EA5D;
					};
				};
			};
			buildConfigurationList = ABDCEFE519D2F4C800F3EA5D /* Build configuration list for PBXProject "Elmstagram" */;
			compatibilityVersion = "Xcode 3.2";
			developmentRegion = English;
			hasScannedForEncodings = 0;
			knownRegions = (
				en,
				Base,
			);
			mainGroup = ABDCEFE119D2F4C800F3EA5D;
			productRefGroup = ABDCEFEB19D2F4C800F3EA5D /* Products */;
			projectDirPath = "";
			projectRoot = "";
			targets = (
				ABDCEFE919D2F4C800F3EA5D /* Elmstagram */,
				ABDCF00219D2F4C800F3EA5D /* ElmstagramTests */,
			);
		};
/* End PBXProject section */

/* Begin PBXResourcesBuildPhase section */
		ABDCEFE819D2F4C800F3EA5D /* Resources */ = {
			isa = PBXResourcesBuildPhase;
			buildActionMask = 2147483647;
			files = (
				AB3EE5BA19D3623700D279D1 /* 0.png in Resources */,
				AB32C76E19D41B4F004F1752 /* Images.xcassets in Resources */,
				AB3EE5B719D35F2D00D279D1 /* 4.png in Resources */,
				AB32C77519D41C1C004F1752 /* Main.storyboard in Resources */,
				AB32C77419D41C1C004F1752 /* LaunchScreen.xib in Resources */,
				AB3EE5B419D35F2D00D279D1 /* 1.png in Resources */,
				AB3EE5B519D35F2D00D279D1 /* 2.png in Resources */,
				AB3EE5B619D35F2D00D279D1 /* 3.png in Resources */,
			);
			runOnlyForDeploymentPostprocessing = 0;
		};
		ABDCF00119D2F4C800F3EA5D /* Resources */ = {
			isa = PBXResourcesBuildPhase;
			buildActionMask = 2147483647;
			files = (
			);
			runOnlyForDeploymentPostprocessing = 0;
		};
/* End PBXResourcesBuildPhase section */

/* Begin PBXSourcesBuildPhase section */
		ABDCEFE619D2F4C800F3EA5D /* Sources */ = {
			isa = PBXSourcesBuildPhase;
			buildActionMask = 2147483647;
			files = (
				AB3EE59619D34C5900D279D1 /* MCImageFilter.m in Sources */,
				AB3EE5BD19D3638700D279D1 /* MCFilterPickerControllerViewController.m in Sources */,
				AB3EE5C119D363A200D279D1 /* MCFilterCollectionViewCell.m in Sources */,
				AB32C76719D41AB0004F1752 /* AppDelegate.m in Sources */,
				AB3EE59219D336BB00D279D1 /* MCNetworkManager.m in Sources */,
				AB32C76A19D41AF2004F1752 /* MCMainViewController.m in Sources */,
				AB32C76C19D41B19004F1752 /* main.m in Sources */,
				ABB671F919D31F5200333939 /* UIView+Extensions.m in Sources */,
			);
			runOnlyForDeploymentPostprocessing = 0;
		};
		ABDCEFFF19D2F4C800F3EA5D /* Sources */ = {
			isa = PBXSourcesBuildPhase;
			buildActionMask = 2147483647;
			files = (
				ABDCF00A19D2F4C800F3EA5D /* ElmstagramTests.m in Sources */,
			);
			runOnlyForDeploymentPostprocessing = 0;
		};
/* End PBXSourcesBuildPhase section */

/* Begin PBXTargetDependency section */
		ABDCF00519D2F4C800F3EA5D /* PBXTargetDependency */ = {
			isa = PBXTargetDependency;
			target = ABDCEFE919D2F4C800F3EA5D /* Elmstagram */;
			targetProxy = ABDCF00419D2F4C800F3EA5D /* PBXContainerItemProxy */;
		};
/* End PBXTargetDependency section */

/* Begin PBXVariantGroup section */
		AB32C77019D41C1C004F1752 /* LaunchScreen.xib */ = {
			isa = PBXVariantGroup;
			children = (
				AB32C77119D41C1C004F1752 /* Base */,
			);
			name = LaunchScreen.xib;
			sourceTree = "<group>";
		};
		AB32C77219D41C1C004F1752 /* Main.storyboard */ = {
			isa = PBXVariantGroup;
			children = (
				AB32C77319D41C1C004F1752 /* Base */,
			);
			name = Main.storyboard;
			sourceTree = "<group>";
		};
/* End PBXVariantGroup section */

/* Begin XCBuildConfiguration section */
		ABDCF00B19D2F4C800F3EA5D /* Debug */ = {
			isa = XCBuildConfiguration;
			buildSettings = {
				ALWAYS_SEARCH_USER_PATHS = NO;
				CLANG_CXX_LANGUAGE_STANDARD = "gnu++0x";
				CLANG_CXX_LIBRARY = "libc++";
				CLANG_ENABLE_MODULES = YES;
				CLANG_ENABLE_OBJC_ARC = YES;
				CLANG_WARN_BOOL_CONVERSION = YES;
				CLANG_WARN_CONSTANT_CONVERSION = YES;
				CLANG_WARN_DIRECT_OBJC_ISA_USAGE = YES_ERROR;
				CLANG_WARN_EMPTY_BODY = YES;
				CLANG_WARN_ENUM_CONVERSION = YES;
				CLANG_WARN_INT_CONVERSION = YES;
				CLANG_WARN_OBJC_ROOT_CLASS = YES_ERROR;
				CLANG_WARN_UNREACHABLE_CODE = YES;
				CLANG_WARN__DUPLICATE_METHOD_MATCH = YES;
				"CODE_SIGN_IDENTITY[sdk=iphoneos*]" = "iPhone Developer";
				COPY_PHASE_STRIP = NO;
				ENABLE_STRICT_OBJC_MSGSEND = YES;
				GCC_C_LANGUAGE_STANDARD = gnu99;
				GCC_DYNAMIC_NO_PIC = NO;
				GCC_OPTIMIZATION_LEVEL = 0;
				GCC_PREPROCESSOR_DEFINITIONS = (
					"DEBUG=1",
					"$(inherited)",
				);
				GCC_SYMBOLS_PRIVATE_EXTERN = NO;
				GCC_WARN_64_TO_32_BIT_CONVERSION = YES;
				GCC_WARN_ABOUT_RETURN_TYPE = YES_ERROR;
				GCC_WARN_UNDECLARED_SELECTOR = YES;
				GCC_WARN_UNINITIALIZED_AUTOS = YES_AGGRESSIVE;
				GCC_WARN_UNUSED_FUNCTION = YES;
				GCC_WARN_UNUSED_VARIABLE = YES;
				IPHONEOS_DEPLOYMENT_TARGET = 8.0;
				MTL_ENABLE_DEBUG_INFO = YES;
				ONLY_ACTIVE_ARCH = YES;
				SDKROOT = iphoneos;
			};
			name = Debug;
		};
		ABDCF00C19D2F4C800F3EA5D /* Release */ = {
			isa = XCBuildConfiguration;
			buildSettings = {
				ALWAYS_SEARCH_USER_PATHS = NO;
				CLANG_CXX_LANGUAGE_STANDARD = "gnu++0x";
				CLANG_CXX_LIBRARY = "libc++";
				CLANG_ENABLE_MODULES = YES;
				CLANG_ENABLE_OBJC_ARC = YES;
				CLANG_WARN_BOOL_CONVERSION = YES;
				CLANG_WARN_CONSTANT_CONVERSION = YES;
				CLANG_WARN_DIRECT_OBJC_ISA_USAGE = YES_ERROR;
				CLANG_WARN_EMPTY_BODY = YES;
				CLANG_WARN_ENUM_CONVERSION = YES;
				CLANG_WARN_INT_CONVERSION = YES;
				CLANG_WARN_OBJC_ROOT_CLASS = YES_ERROR;
				CLANG_WARN_UNREACHABLE_CODE = YES;
				CLANG_WARN__DUPLICATE_METHOD_MATCH = YES;
				"CODE_SIGN_IDENTITY[sdk=iphoneos*]" = "iPhone Developer";
				COPY_PHASE_STRIP = YES;
				ENABLE_NS_ASSERTIONS = NO;
				ENABLE_STRICT_OBJC_MSGSEND = YES;
				GCC_C_LANGUAGE_STANDARD = gnu99;
				GCC_WARN_64_TO_32_BIT_CONVERSION = YES;
				GCC_WARN_ABOUT_RETURN_TYPE = YES_ERROR;
				GCC_WARN_UNDECLARED_SELECTOR = YES;
				GCC_WARN_UNINITIALIZED_AUTOS = YES_AGGRESSIVE;
				GCC_WARN_UNUSED_FUNCTION = YES;
				GCC_WARN_UNUSED_VARIABLE = YES;
				IPHONEOS_DEPLOYMENT_TARGET = 8.0;
				MTL_ENABLE_DEBUG_INFO = NO;
				SDKROOT = iphoneos;
				VALIDATE_PRODUCT = YES;
			};
			name = Release;
		};
		ABDCF00E19D2F4C800F3EA5D /* Debug */ = {
			isa = XCBuildConfiguration;
			buildSettings = {
				ASSETCATALOG_COMPILER_APPICON_NAME = AppIcon;
				INFOPLIST_FILE = Elmstagram/Info.plist;
				LD_RUNPATH_SEARCH_PATHS = "$(inherited) @executable_path/Frameworks";
				PRODUCT_NAME = "$(TARGET_NAME)";
			};
			name = Debug;
		};
		ABDCF00F19D2F4C800F3EA5D /* Release */ = {
			isa = XCBuildConfiguration;
			buildSettings = {
				ASSETCATALOG_COMPILER_APPICON_NAME = AppIcon;
				INFOPLIST_FILE = Elmstagram/Info.plist;
				LD_RUNPATH_SEARCH_PATHS = "$(inherited) @executable_path/Frameworks";
				PRODUCT_NAME = "$(TARGET_NAME)";
			};
			name = Release;
		};
		ABDCF01119D2F4C800F3EA5D /* Debug */ = {
			isa = XCBuildConfiguration;
			buildSettings = {
				BUNDLE_LOADER = "$(TEST_HOST)";
				FRAMEWORK_SEARCH_PATHS = (
					"$(SDKROOT)/Developer/Library/Frameworks",
					"$(inherited)",
				);
				GCC_PREPROCESSOR_DEFINITIONS = (
					"DEBUG=1",
					"$(inherited)",
				);
				INFOPLIST_FILE = ElmstagramTests/Info.plist;
				LD_RUNPATH_SEARCH_PATHS = "$(inherited) @executable_path/Frameworks @loader_path/Frameworks";
				PRODUCT_NAME = "$(TARGET_NAME)";
				TEST_HOST = "$(BUILT_PRODUCTS_DIR)/Elmstagram.app/Elmstagram";
			};
			name = Debug;
		};
		ABDCF01219D2F4C800F3EA5D /* Release */ = {
			isa = XCBuildConfiguration;
			buildSettings = {
				BUNDLE_LOADER = "$(TEST_HOST)";
				FRAMEWORK_SEARCH_PATHS = (
					"$(SDKROOT)/Developer/Library/Frameworks",
					"$(inherited)",
				);
				INFOPLIST_FILE = ElmstagramTests/Info.plist;
				LD_RUNPATH_SEARCH_PATHS = "$(inherited) @executable_path/Frameworks @loader_path/Frameworks";
				PRODUCT_NAME = "$(TARGET_NAME)";
				TEST_HOST = "$(BUILT_PRODUCTS_DIR)/Elmstagram.app/Elmstagram";
			};
			name = Release;
		};
/* End XCBuildConfiguration section */

/* Begin XCConfigurationList section */
		ABDCEFE519D2F4C800F3EA5D /* Build configuration list for PBXProject "Elmstagram" */ = {
			isa = XCConfigurationList;
			buildConfigurations = (
				ABDCF00B19D2F4C800F3EA5D /* Debug */,
				ABDCF00C19D2F4C800F3EA5D /* Release */,
			);
			defaultConfigurationIsVisible = 0;
			defaultConfigurationName = Release;
		};
		ABDCF00D19D2F4C800F3EA5D /* Build configuration list for PBXNativeTarget "Elmstagram" */ = {
			isa = XCConfigurationList;
			buildConfigurations = (
				ABDCF00E19D2F4C800F3EA5D /* Debug */,
				ABDCF00F19D2F4C800F3EA5D /* Release */,
			);
			defaultConfigurationIsVisible = 0;
			defaultConfigurationName = Release;
		};
		ABDCF01019D2F4C800F3EA5D /* Build configuration list for PBXNativeTarget "ElmstagramTests" */ = {
			isa = XCConfigurationList;
			buildConfigurations = (
				ABDCF01119D2F4C800F3EA5D /* Debug */,
				ABDCF01219D2F4C800F3EA5D /* Release */,
			);
			defaultConfigurationIsVisible = 0;
			defaultConfigurationName = Release;
		};
/* End XCConfigurationList section */
	};
	rootObject = ABDCEFE219D2F4C800F3EA5D /* Project object */;
}
